#MicroXplorer Configuration settings - do not modify
CAD.formats=
CAD.pinconfig=
CAD.provider=
CAN1.BS1=CAN_BS1_9TQ
CAN1.BS2=CAN_BS2_4TQ
CAN1.CalculateBaudRate=1000000
CAN1.CalculateTimeBit=1000
CAN1.CalculateTimeQuantum=71.42857142857143
CAN1.IPParameters=CalculateTimeQuantum,CalculateTimeBit,CalculateBaudRate,Prescaler,BS1,BS2
CAN1.Prescaler=3
CAN2.BS1=CAN_BS1_9TQ
CAN2.BS2=CAN_BS2_4TQ
CAN2.CalculateBaudRate=1000000
CAN2.CalculateTimeBit=1000
CAN2.CalculateTimeQuantum=71.42857142857143
CAN2.IPParameters=CalculateTimeQuantum,CalculateTimeBit,CalculateBaudRate,Prescaler,BS1,BS2
CAN2.Prescaler=3
Dma.Request0=USART1_TX
Dma.Request1=USART1_RX
Dma.Request2=USART2_RX
Dma.Request3=USART2_TX
Dma.Request4=USART3_RX
Dma.Request5=USART3_TX
Dma.Request6=USART6_RX
Dma.Request7=USART6_TX
Dma.RequestsNb=8
Dma.USART1_RX.1.Direction=DMA_PERIPH_TO_MEMORY
Dma.USART1_RX.1.FIFOMode=DMA_FIFOMODE_DISABLE
Dma.USART1_RX.1.Instance=DMA2_Stream2
Dma.USART1_RX.1.MemDataAlignment=DMA_MDATAALIGN_BYTE
Dma.USART1_RX.1.MemInc=DMA_MINC_ENABLE
Dma.USART1_RX.1.Mode=DMA_NORMAL
Dma.USART1_RX.1.PeriphDataAlignment=DMA_PDATAALIGN_BYTE
Dma.USART1_RX.1.PeriphInc=DMA_PINC_DISABLE
Dma.USART1_RX.1.Priority=DMA_PRIORITY_LOW
Dma.USART1_RX.1.RequestParameters=Instance,Direction,PeriphInc,MemInc,PeriphDataAlignment,MemDataAlignment,Mode,Priority,FIFOMode
Dma.USART1_TX.0.Direction=DMA_MEMORY_TO_PERIPH
Dma.USART1_TX.0.FIFOMode=DMA_FIFOMODE_DISABLE
Dma.USART1_TX.0.Instance=DMA2_Stream7
Dma.USART1_TX.0.MemDataAlignment=DMA_MDATAALIGN_BYTE
Dma.USART1_TX.0.MemInc=DMA_MINC_ENABLE
Dma.USART1_TX.0.Mode=DMA_NORMAL
Dma.USART1_TX.0.PeriphDataAlignment=DMA_PDATAALIGN_BYTE
Dma.USART1_TX.0.PeriphInc=DMA_PINC_DISABLE
Dma.USART1_TX.0.Priority=DMA_PRIORITY_LOW
Dma.USART1_TX.0.RequestParameters=Instance,Direction,PeriphInc,MemInc,PeriphDataAlignment,MemDataAlignment,Mode,Priority,FIFOMode
Dma.USART2_RX.2.Direction=DMA_PERIPH_TO_MEMORY
Dma.USART2_RX.2.FIFOMode=DMA_FIFOMODE_DISABLE
Dma.USART2_RX.2.Instance=DMA1_Stream5
Dma.USART2_RX.2.MemDataAlignment=DMA_MDATAALIGN_BYTE
Dma.USART2_RX.2.MemInc=DMA_MINC_ENABLE
Dma.USART2_RX.2.Mode=DMA_NORMAL
Dma.USART2_RX.2.PeriphDataAlignment=DMA_PDATAALIGN_BYTE
Dma.USART2_RX.2.PeriphInc=DMA_PINC_DISABLE
Dma.USART2_RX.2.Priority=DMA_PRIORITY_LOW
Dma.USART2_RX.2.RequestParameters=Instance,Direction,PeriphInc,MemInc,PeriphDataAlignment,MemDataAlignment,Mode,Priority,FIFOMode
Dma.USART2_TX.3.Direction=DMA_MEMORY_TO_PERIPH
Dma.USART2_TX.3.FIFOMode=DMA_FIFOMODE_DISABLE
Dma.USART2_TX.3.Instance=DMA1_Stream6
Dma.USART2_TX.3.MemDataAlignment=DMA_MDATAALIGN_BYTE
Dma.USART2_TX.3.MemInc=DMA_MINC_ENABLE
Dma.USART2_TX.3.Mode=DMA_NORMAL
Dma.USART2_TX.3.PeriphDataAlignment=DMA_PDATAALIGN_BYTE
Dma.USART2_TX.3.PeriphInc=DMA_PINC_DISABLE
Dma.USART2_TX.3.Priority=DMA_PRIORITY_LOW
Dma.USART2_TX.3.RequestParameters=Instance,Direction,PeriphInc,MemInc,PeriphDataAlignment,MemDataAlignment,Mode,Priority,FIFOMode
Dma.USART3_RX.4.Direction=DMA_PERIPH_TO_MEMORY
Dma.USART3_RX.4.FIFOMode=DMA_FIFOMODE_DISABLE
Dma.USART3_RX.4.Instance=DMA1_Stream1
Dma.USART3_RX.4.MemDataAlignment=DMA_MDATAALIGN_BYTE
Dma.USART3_RX.4.MemInc=DMA_MINC_ENABLE
Dma.USART3_RX.4.Mode=DMA_NORMAL
Dma.USART3_RX.4.PeriphDataAlignment=DMA_PDATAALIGN_BYTE
Dma.USART3_RX.4.PeriphInc=DMA_PINC_DISABLE
Dma.USART3_RX.4.Priority=DMA_PRIORITY_LOW
Dma.USART3_RX.4.RequestParameters=Instance,Direction,PeriphInc,MemInc,PeriphDataAlignment,MemDataAlignment,Mode,Priority,FIFOMode
Dma.USART3_TX.5.Direction=DMA_MEMORY_TO_PERIPH
Dma.USART3_TX.5.FIFOMode=DMA_FIFOMODE_DISABLE
Dma.USART3_TX.5.Instance=DMA1_Stream3
Dma.USART3_TX.5.MemDataAlignment=DMA_MDATAALIGN_BYTE
Dma.USART3_TX.5.MemInc=DMA_MINC_ENABLE
Dma.USART3_TX.5.Mode=DMA_NORMAL
Dma.USART3_TX.5.PeriphDataAlignment=DMA_PDATAALIGN_BYTE
Dma.USART3_TX.5.PeriphInc=DMA_PINC_DISABLE
Dma.USART3_TX.5.Priority=DMA_PRIORITY_LOW
Dma.USART3_TX.5.RequestParameters=Instance,Direction,PeriphInc,MemInc,PeriphDataAlignment,MemDataAlignment,Mode,Priority,FIFOMode
Dma.USART6_RX.6.Direction=DMA_PERIPH_TO_MEMORY
Dma.USART6_RX.6.FIFOMode=DMA_FIFOMODE_DISABLE
Dma.USART6_RX.6.Instance=DMA2_Stream1
Dma.USART6_RX.6.MemDataAlignment=DMA_MDATAALIGN_BYTE
Dma.USART6_RX.6.MemInc=DMA_MINC_ENABLE
Dma.USART6_RX.6.Mode=DMA_NORMAL
Dma.USART6_RX.6.PeriphDataAlignment=DMA_PDATAALIGN_BYTE
Dma.USART6_RX.6.PeriphInc=DMA_PINC_DISABLE
Dma.USART6_RX.6.Priority=DMA_PRIORITY_LOW
Dma.USART6_RX.6.RequestParameters=Instance,Direction,PeriphInc,MemInc,PeriphDataAlignment,MemDataAlignment,Mode,Priority,FIFOMode
Dma.USART6_TX.7.Direction=DMA_MEMORY_TO_PERIPH
Dma.USART6_TX.7.FIFOMode=DMA_FIFOMODE_DISABLE
Dma.USART6_TX.7.Instance=DMA2_Stream6
Dma.USART6_TX.7.MemDataAlignment=DMA_MDATAALIGN_BYTE
Dma.USART6_TX.7.MemInc=DMA_MINC_ENABLE
Dma.USART6_TX.7.Mode=DMA_NORMAL
Dma.USART6_TX.7.PeriphDataAlignment=DMA_PDATAALIGN_BYTE
Dma.USART6_TX.7.PeriphInc=DMA_PINC_DISABLE
Dma.USART6_TX.7.Priority=DMA_PRIORITY_LOW
Dma.USART6_TX.7.RequestParameters=Instance,Direction,PeriphInc,MemInc,PeriphDataAlignment,MemDataAlignment,Mode,Priority,FIFOMode
FREERTOS.FootprintOK=true
FREERTOS.IPParameters=Tasks01,FootprintOK
FREERTOS.Tasks01=CAN1_Send,24,128,CAN1_Send_Task,As weak,NULL,Dynamic,NULL,NULL;chassic,40,128,Chassis_Task,As external,NULL,Dynamic,NULL,NULL;CAN2_Send,8,128,CAN2_Send_Task,As external,NULL,Dynamic,NULL,NULL;UART_Send,8,128,UART_Send_Task,As external,NULL,Dynamic,NULL,NULL;user_debug,8,128,User_Debug_Task,As external,NULL,Dynamic,NULL,NULL;Air_Joy,8,128,Air_Joy_Task,As external,NULL,Dynamic,NULL,NULL;Broadcast,8,128,Broadcast_Task,As external,NULL,Dynamic,NULL,NULL
File.Version=6
GPIO.groupedBy=Group By Peripherals
KeepUserPlacement=false
Mcu.CPN=STM32F407ZGT6
Mcu.Family=STM32F4
Mcu.IP0=CAN1
Mcu.IP1=CAN2
Mcu.IP10=USART2
Mcu.IP11=USART3
Mcu.IP12=USART6
Mcu.IP2=DMA
Mcu.IP3=FREERTOS
Mcu.IP4=NVIC
Mcu.IP5=RCC
Mcu.IP6=SYS
Mcu.IP7=TIM4
Mcu.IP8=TIM10
Mcu.IP9=USART1
Mcu.IPNb=13
Mcu.Name=STM32F407Z(E-G)Tx
Mcu.Package=LQFP144
Mcu.Pin0=PC14-OSC32_IN
Mcu.Pin1=PC15-OSC32_OUT
Mcu.Pin10=PB12
Mcu.Pin11=PB13
Mcu.Pin12=PC6
Mcu.Pin13=PC7
Mcu.Pin14=PA9
Mcu.Pin15=PA10
Mcu.Pin16=PA11
Mcu.Pin17=PA12
Mcu.Pin18=PA13
Mcu.Pin19=PA14
Mcu.Pin2=PF6
Mcu.Pin20=VP_FREERTOS_VS_CMSIS_V2
Mcu.Pin21=VP_SYS_VS_tim3
Mcu.Pin22=VP_TIM4_VS_ClockSourceINT
Mcu.Pin23=VP_TIM10_VS_ClockSourceINT
Mcu.Pin3=PF7
Mcu.Pin4=PH0-OSC_IN
Mcu.Pin5=PH1-OSC_OUT
Mcu.Pin6=PA2
Mcu.Pin7=PA3
Mcu.Pin8=PB10
Mcu.Pin9=PB11
Mcu.PinsNb=24
Mcu.ThirdPartyNb=0
Mcu.UserConstants=
Mcu.UserName=STM32F407ZGTx
MxCube.Version=6.8.1
MxDb.Version=DB.6.0.81
NVIC.BusFault_IRQn=true\:0\:0\:false\:false\:true\:false\:false\:false\:false
NVIC.CAN1_RX0_IRQn=true\:5\:0\:false\:false\:true\:true\:true\:true\:true
NVIC.CAN1_TX_IRQn=true\:5\:0\:false\:false\:true\:true\:true\:true\:true
NVIC.CAN2_RX0_IRQn=true\:5\:0\:false\:false\:true\:true\:true\:true\:true
NVIC.CAN2_TX_IRQn=true\:5\:0\:false\:false\:true\:true\:true\:true\:true
NVIC.DMA1_Stream1_IRQn=true\:5\:0\:false\:false\:true\:true\:false\:true\:true
NVIC.DMA1_Stream3_IRQn=true\:5\:0\:false\:false\:true\:true\:false\:true\:true
NVIC.DMA1_Stream5_IRQn=true\:5\:0\:false\:false\:true\:true\:false\:true\:true
NVIC.DMA1_Stream6_IRQn=true\:5\:0\:false\:false\:true\:true\:false\:true\:true
NVIC.DMA2_Stream1_IRQn=true\:5\:0\:false\:false\:true\:true\:false\:true\:true
NVIC.DMA2_Stream2_IRQn=true\:5\:0\:false\:false\:true\:true\:false\:true\:true
NVIC.DMA2_Stream6_IRQn=true\:5\:0\:false\:false\:true\:true\:false\:true\:true
NVIC.DMA2_Stream7_IRQn=true\:5\:0\:false\:false\:true\:true\:false\:true\:true
NVIC.DebugMonitor_IRQn=true\:0\:0\:false\:false\:true\:false\:false\:false\:false
NVIC.EXTI9_5_IRQn=true\:5\:0\:false\:false\:true\:true\:true\:true\:true
NVIC.ForceEnableDMAVector=true
NVIC.HardFault_IRQn=true\:0\:0\:false\:false\:true\:false\:false\:false\:false
NVIC.MemoryManagement_IRQn=true\:0\:0\:false\:false\:true\:false\:false\:false\:false
NVIC.NonMaskableInt_IRQn=true\:0\:0\:false\:false\:true\:false\:false\:false\:false
NVIC.PendSV_IRQn=true\:15\:0\:false\:false\:false\:true\:false\:false\:false
NVIC.PriorityGroup=NVIC_PRIORITYGROUP_4
NVIC.SVCall_IRQn=true\:0\:0\:false\:false\:false\:false\:false\:false\:false
NVIC.SavedPendsvIrqHandlerGenerated=true
NVIC.SavedSvcallIrqHandlerGenerated=true
NVIC.SavedSystickIrqHandlerGenerated=true
NVIC.SysTick_IRQn=true\:15\:0\:false\:false\:false\:true\:false\:true\:false
NVIC.TIM3_IRQn=true\:15\:0\:false\:false\:true\:false\:false\:true\:true
NVIC.TIM4_IRQn=true\:5\:0\:false\:false\:true\:true\:true\:true\:true
NVIC.TimeBase=TIM3_IRQn
NVIC.TimeBaseIP=TIM3
NVIC.USART1_IRQn=true\:5\:0\:false\:false\:true\:true\:true\:true\:true
NVIC.USART2_IRQn=true\:5\:0\:false\:false\:true\:true\:true\:true\:true
NVIC.USART3_IRQn=true\:5\:0\:false\:false\:true\:true\:true\:true\:true
NVIC.USART6_IRQn=true\:5\:0\:false\:false\:true\:true\:true\:true\:true
NVIC.UsageFault_IRQn=true\:0\:0\:false\:false\:true\:false\:false\:false\:false
PA10.Mode=Asynchronous
PA10.Signal=USART1_RX
PA11.Mode=CAN_Activate
PA11.Signal=CAN1_RX
PA12.Mode=CAN_Activate
PA12.Signal=CAN1_TX
PA13.Mode=Serial_Wire
PA13.Signal=SYS_JTMS-SWDIO
PA14.Mode=Serial_Wire
PA14.Signal=SYS_JTCK-SWCLK
PA2.Mode=Asynchronous
PA2.Signal=USART2_TX
PA3.Mode=Asynchronous
PA3.Signal=USART2_RX
PA9.Mode=Asynchronous
PA9.Signal=USART1_TX
PB10.Mode=Asynchronous
PB10.Signal=USART3_TX
PB11.Mode=Asynchronous
PB11.Signal=USART3_RX
PB12.Mode=CAN_Activate
PB12.Signal=CAN2_RX
PB13.Mode=CAN_Activate
PB13.Signal=CAN2_TX
PC14-OSC32_IN.Mode=LSE-External-Oscillator
PC14-OSC32_IN.Signal=RCC_OSC32_IN
PC15-OSC32_OUT.Mode=LSE-External-Oscillator
PC15-OSC32_OUT.Signal=RCC_OSC32_OUT
PC6.Mode=Asynchronous
PC6.Signal=USART6_TX
PC7.Mode=Asynchronous
PC7.Signal=USART6_RX
PF6.Signal=S_TIM10_CH1
PF7.GPIOParameters=GPIO_Label
PF7.GPIO_Label=Joy
PF7.Locked=true
PF7.Signal=GPXTI7
PH0-OSC_IN.Mode=HSE-External-Oscillator
PH0-OSC_IN.Signal=RCC_OSC_IN
PH1-OSC_OUT.Mode=HSE-External-Oscillator
PH1-OSC_OUT.Signal=RCC_OSC_OUT
PinOutPanel.RotationAngle=0
ProjectManager.AskForMigrate=true
ProjectManager.BackupPrevious=false
ProjectManager.CompilerOptimize=6
ProjectManager.ComputerToolchain=false
ProjectManager.CoupleFile=true
ProjectManager.CustomerFirmwarePackage=
ProjectManager.DefaultFWLocation=true
ProjectManager.DeletePrevious=true
ProjectManager.DeviceId=STM32F407ZGTx
ProjectManager.FirmwarePackage=STM32Cube FW_F4 V1.27.1
ProjectManager.FreePins=false
ProjectManager.HalAssertFull=false
ProjectManager.HeapSize=0x200
ProjectManager.KeepUserCode=true
ProjectManager.LastFirmware=true
ProjectManager.LibraryCopy=1
ProjectManager.MainLocation=Core/Src
ProjectManager.NoMain=false
ProjectManager.PreviousToolchain=
ProjectManager.ProjectBuild=false
ProjectManager.ProjectFileName=MOTOR_CPP.ioc
ProjectManager.ProjectName=MOTOR_CPP
ProjectManager.ProjectStructure=
ProjectManager.RegisterCallBack=
ProjectManager.StackSize=0x400
ProjectManager.TargetToolchain=MDK-ARM V5.32
ProjectManager.ToolChainLocation=
ProjectManager.UnderRoot=false
ProjectManager.functionlistsort=1-SystemClock_Config-RCC-false-HAL-false,2-MX_GPIO_Init-GPIO-false-HAL-true,3-MX_DMA_Init-DMA-false-HAL-true,4-MX_CAN1_Init-CAN1-false-HAL-true,5-MX_CAN2_Init-CAN2-false-HAL-true,6-MX_USART1_UART_Init-USART1-false-HAL-true,7-MX_USART2_UART_Init-USART2-false-HAL-true,8-MX_USART3_UART_Init-USART3-false-HAL-true,9-MX_USART6_UART_Init-USART6-false-HAL-true,10-MX_TIM4_Init-TIM4-false-HAL-true,11-MX_TIM10_Init-TIM10-false-HAL-true
RCC.48MHZClocksFreq_Value=84000000
RCC.AHBFreq_Value=168000000
RCC.APB1CLKDivider=RCC_HCLK_DIV4
RCC.APB1Freq_Value=42000000
RCC.APB1TimFreq_Value=84000000
RCC.APB2CLKDivider=RCC_HCLK_DIV2
RCC.APB2Freq_Value=84000000
RCC.APB2TimFreq_Value=168000000
RCC.CortexFreq_Value=168000000
RCC.EthernetFreq_Value=168000000
RCC.FCLKCortexFreq_Value=168000000
RCC.FamilyName=M
RCC.HCLKFreq_Value=168000000
RCC.HSE_VALUE=8000000
RCC.HSI_VALUE=16000000
RCC.I2SClocksFreq_Value=192000000
RCC.IPParameters=48MHZClocksFreq_Value,AHBFreq_Value,APB1CLKDivider,APB1Freq_Value,APB1TimFreq_Value,APB2CLKDivider,APB2Freq_Value,APB2TimFreq_Value,CortexFreq_Value,EthernetFreq_Value,FCLKCortexFreq_Value,FamilyName,HCLKFreq_Value,HSE_VALUE,HSI_VALUE,I2SClocksFreq_Value,LSI_VALUE,MCO2PinFreq_Value,PLLCLKFreq_Value,PLLM,PLLN,PLLQCLKFreq_Value,PLLSourceVirtual,RTCFreq_Value,RTCHSEDivFreq_Value,SYSCLKFreq_VALUE,SYSCLKSource,VCOI2SOutputFreq_Value,VCOInputFreq_Value,VCOOutputFreq_Value,VcooutputI2S
RCC.LSI_VALUE=32000
RCC.MCO2PinFreq_Value=168000000
RCC.PLLCLKFreq_Value=168000000
RCC.PLLM=4
RCC.PLLN=168
RCC.PLLQCLKFreq_Value=84000000
RCC.PLLSourceVirtual=RCC_PLLSOURCE_HSE
RCC.RTCFreq_Value=32000
RCC.RTCHSEDivFreq_Value=4000000
RCC.SYSCLKFreq_VALUE=168000000
RCC.SYSCLKSource=RCC_SYSCLKSOURCE_PLLCLK
RCC.VCOI2SOutputFreq_Value=384000000
RCC.VCOInputFreq_Value=2000000
RCC.VCOOutputFreq_Value=336000000
RCC.VcooutputI2S=192000000
SH.GPXTI7.0=GPIO_EXTI7
SH.GPXTI7.ConfNb=1
SH.S_TIM10_CH1.0=TIM10_CH1,PWM Generation1 CH1
SH.S_TIM10_CH1.ConfNb=1
TIM10.Channel=TIM_CHANNEL_1
TIM10.IPParameters=Channel,Prescaler,Period
TIM10.Period=2099
TIM10.Prescaler=83
TIM4.IPParameters=Prescaler
TIM4.Prescaler=83
USART1.BaudRate=9600
USART1.IPParameters=VirtualMode,BaudRate
USART1.VirtualMode=VM_ASYNC
USART2.IPParameters=VirtualMode
USART2.VirtualMode=VM_ASYNC
USART3.IPParameters=VirtualMode
USART3.VirtualMode=VM_ASYNC
USART6.IPParameters=VirtualMode
USART6.VirtualMode=VM_ASYNC
VP_FREERTOS_VS_CMSIS_V2.Mode=CMSIS_V2
VP_FREERTOS_VS_CMSIS_V2.Signal=FREERTOS_VS_CMSIS_V2
VP_SYS_VS_tim3.Mode=TIM3
VP_SYS_VS_tim3.Signal=SYS_VS_tim3
VP_TIM10_VS_ClockSourceINT.Mode=Enable_Timer
VP_TIM10_VS_ClockSourceINT.Signal=TIM10_VS_ClockSourceINT
VP_TIM4_VS_ClockSourceINT.Mode=Internal
VP_TIM4_VS_ClockSourceINT.Signal=TIM4_VS_ClockSourceINT
board=custom
rtos.0.ip=FREERTOS
